
Microsoft Visual Studio Solution File, Format Version 12.00
# Visual Studio Version 16
VisualStudioVersion = 16.0.31729.503
MinimumVisualStudioVersion = 10.0.40219.1
Project("{FAE04EC0-301F-11D3-BF4B-00C04F79EFBC}") = "StudentBC", "StudentBC\StudentBC.csproj", "{B358C004-27DD-4A8D-B0C7-D7C26F130264}"
EndProject
Global
	GlobalSection(SolutionConfigurationPlatforms) = preSolution
		Debug|Any CPU = Debug|Any CPU
		Release|Any CPU = Release|Any CPU
	EndGlobalSection
	GlobalSection(ProjectConfigurationPlatforms) = postSolution
		{B358C004-27DD-4A8D-B0C7-D7C26F130264}.Debug|Any CPU.ActiveCfg = Debug|Any CPU
		{B358C004-27DD-4A8D-B0C7-D7C26F130264}.Debug|Any CPU.Build.0 = Debug|Any CPU
		{B358C004-27DD-4A8D-B0C7-D7C26F130264}.Release|Any CPU.ActiveCfg = Release|Any CPU
		{B358C004-27DD-4A8D-B0C7-D7C26F130264}.Release|Any CPU.Build.0 = Release|Any CPU
	EndGlobalSection
	GlobalSection(SolutionProperties) = preSolution
		HideSolutionNode = FALSE
	EndGlobalSection
	GlobalSection(ExtensibilityGlobals) = postSolution
		SolutionGuid = {8FDCF1AA-4D15-4473-917E-6D79A58C8E47}
	EndGlobalSection
EndGlobal
